
Microsoft Visual Studio Solution File, Format Version 12.00
# Visual Studio Version 17
VisualStudioVersion = 17.10.35122.118
MinimumVisualStudioVersion = 10.0.40219.1
Project("{FAE04EC0-301F-11D3-BF4B-00C04F79EFBC}") = "EmployeeMS.API", "EmployeeMS.API\EmployeeMS.API.csproj", "{BDCFE81F-9FAD-48AD-97CA-C1267781B03E}"
EndProject
Project("{FAE04EC0-301F-11D3-BF4B-00C04F79EFBC}") = "EmployeeMS.Domain", "EmployeeMS.Domain\EmployeeMS.Domain.csproj", "{FB9F8142-0C23-4D2A-877B-CA898BC99B47}"
EndProject
Project("{FAE04EC0-301F-11D3-BF4B-00C04F79EFBC}") = "EmployeeMS.Application", "EmployeeMS.Application\EmployeeMS.Application.csproj", "{DC15F3FC-C257-4175-AAC6-DF89F1E913D2}"
EndProject
Project("{FAE04EC0-301F-11D3-BF4B-00C04F79EFBC}") = "EmployeeMS.Infrastructure", "EmployeeMS.Infrastructure\EmployeeMS.Infrastructure.csproj", "{66ECD736-B0BE-4F8B-86EB-62EF14BD64F4}"
EndProject
Project("{FAE04EC0-301F-11D3-BF4B-00C04F79EFBC}") = "EmployeeMS.Shared", "EmployeeMS.Shared\EmployeeMS.Shared.csproj", "{9C3180C5-C74F-4EF3-B746-6FE99A9FC39F}"
EndProject
Global
	GlobalSection(SolutionConfigurationPlatforms) = preSolution
		Debug|Any CPU = Debug|Any CPU
		Release|Any CPU = Release|Any CPU
	EndGlobalSection
	GlobalSection(ProjectConfigurationPlatforms) = postSolution
		{BDCFE81F-9FAD-48AD-97CA-C1267781B03E}.Debug|Any CPU.ActiveCfg = Debug|Any CPU
		{BDCFE81F-9FAD-48AD-97CA-C1267781B03E}.Debug|Any CPU.Build.0 = Debug|Any CPU
		{BDCFE81F-9FAD-48AD-97CA-C1267781B03E}.Release|Any CPU.ActiveCfg = Release|Any CPU
		{BDCFE81F-9FAD-48AD-97CA-C1267781B03E}.Release|Any CPU.Build.0 = Release|Any CPU
		{FB9F8142-0C23-4D2A-877B-CA898BC99B47}.Debug|Any CPU.ActiveCfg = Debug|Any CPU
		{FB9F8142-0C23-4D2A-877B-CA898BC99B47}.Debug|Any CPU.Build.0 = Debug|Any CPU
		{FB9F8142-0C23-4D2A-877B-CA898BC99B47}.Release|Any CPU.ActiveCfg = Release|Any CPU
		{FB9F8142-0C23-4D2A-877B-CA898BC99B47}.Release|Any CPU.Build.0 = Release|Any CPU
		{DC15F3FC-C257-4175-AAC6-DF89F1E913D2}.Debug|Any CPU.ActiveCfg = Debug|Any CPU
		{DC15F3FC-C257-4175-AAC6-DF89F1E913D2}.Debug|Any CPU.Build.0 = Debug|Any CPU
		{DC15F3FC-C257-4175-AAC6-DF89F1E913D2}.Release|Any CPU.ActiveCfg = Release|Any CPU
		{DC15F3FC-C257-4175-AAC6-DF89F1E913D2}.Release|Any CPU.Build.0 = Release|Any CPU
		{66ECD736-B0BE-4F8B-86EB-62EF14BD64F4}.Debug|Any CPU.ActiveCfg = Debug|Any CPU
		{66ECD736-B0BE-4F8B-86EB-62EF14BD64F4}.Debug|Any CPU.Build.0 = Debug|Any CPU
		{66ECD736-B0BE-4F8B-86EB-62EF14BD64F4}.Release|Any CPU.ActiveCfg = Release|Any CPU
		{66ECD736-B0BE-4F8B-86EB-62EF14BD64F4}.Release|Any CPU.Build.0 = Release|Any CPU
		{9C3180C5-C74F-4EF3-B746-6FE99A9FC39F}.Debug|Any CPU.ActiveCfg = Debug|Any CPU
		{9C3180C5-C74F-4EF3-B746-6FE99A9FC39F}.Debug|Any CPU.Build.0 = Debug|Any CPU
		{9C3180C5-C74F-4EF3-B746-6FE99A9FC39F}.Release|Any CPU.ActiveCfg = Release|Any CPU
		{9C3180C5-C74F-4EF3-B746-6FE99A9FC39F}.Release|Any CPU.Build.0 = Release|Any CPU
	EndGlobalSection
	GlobalSection(SolutionProperties) = preSolution
		HideSolutionNode = FALSE
	EndGlobalSection
	GlobalSection(ExtensibilityGlobals) = postSolution
		SolutionGuid = {9BC8DC89-B6A0-4742-A20F-DB31E3BEDF2D}
	EndGlobalSection
EndGlobal
